
Microsoft Visual Studio Solution File, Format Version 12.00
# Visual Studio Version 17
VisualStudioVersion = 17.11.35219.272
MinimumVisualStudioVersion = 10.0.40219.1
Project("{FAE04EC0-301F-11D3-BF4B-00C04F79EFBC}") = "tianyi", "tianyi\tianyi.csproj", "{A8696A04-A843-45A6-A313-FDE1B5F6B700}"
EndProject
Global
	GlobalSection(SolutionConfigurationPlatforms) = preSolution
		Debug|Any CPU = Debug|Any CPU
		Release|Any CPU = Release|Any CPU
	EndGlobalSection
	GlobalSection(ProjectConfigurationPlatforms) = postSolution
		{A8696A04-A843-45A6-A313-FDE1B5F6B700}.Debug|Any CPU.ActiveCfg = Debug|Any CPU
		{A8696A04-A843-45A6-A313-FDE1B5F6B700}.Debug|Any CPU.Build.0 = Debug|Any CPU
		{A8696A04-A843-45A6-A313-FDE1B5F6B700}.Release|Any CPU.ActiveCfg = Release|Any CPU
		{A8696A04-A843-45A6-A313-FDE1B5F6B700}.Release|Any CPU.Build.0 = Release|Any CPU
	EndGlobalSection
	GlobalSection(SolutionProperties) = preSolution
		HideSolutionNode = FALSE
	EndGlobalSection
	GlobalSection(ExtensibilityGlobals) = postSolution
		SolutionGuid = {2408F1A6-72C2-452B-B6F4-628009968368}
	EndGlobalSection
EndGlobal
